
Microsoft Visual Studio Solution File, Format Version 12.00
# Visual Studio Version 17
VisualStudioVersion = 17.7.34024.191
MinimumVisualStudioVersion = 10.0.40219.1
Project("{FAE04EC0-301F-11D3-BF4B-00C04F79EFBC}") = "ConsoleApp8", "ConsoleApp8\ConsoleApp8.csproj", "{894CDB08-EAF4-4B09-B096-2AD3A090B88F}"
EndProject
Global
	GlobalSection(SolutionConfigurationPlatforms) = preSolution
		Debug|Any CPU = Debug|Any CPU
		Release|Any CPU = Release|Any CPU
	EndGlobalSection
	GlobalSection(ProjectConfigurationPlatforms) = postSolution
		{894CDB08-EAF4-4B09-B096-2AD3A090B88F}.Debug|Any CPU.ActiveCfg = Debug|Any CPU
		{894CDB08-EAF4-4B09-B096-2AD3A090B88F}.Debug|Any CPU.Build.0 = Debug|Any CPU
		{894CDB08-EAF4-4B09-B096-2AD3A090B88F}.Release|Any CPU.ActiveCfg = Release|Any CPU
		{894CDB08-EAF4-4B09-B096-2AD3A090B88F}.Release|Any CPU.Build.0 = Release|Any CPU
	EndGlobalSection
	GlobalSection(SolutionProperties) = preSolution
		HideSolutionNode = FALSE
	EndGlobalSection
	GlobalSection(ExtensibilityGlobals) = postSolution
		SolutionGuid = {E920AE59-0B32-41E4-A020-16274C1D6C75}
	EndGlobalSection
EndGlobal
